
Microsoft Visual Studio Solution File, Format Version 12.00
# Visual Studio Version 17
VisualStudioVersion = 17.10.35013.160
MinimumVisualStudioVersion = 10.0.40219.1
Project("{FAE04EC0-301F-11D3-BF4B-00C04F79EFBC}") = "MVCPelicula", "MVCPelicula\MVCPelicula.csproj", "{7355EEF0-CF21-460A-B29D-17DA13CEC416}"
EndProject
Global
	GlobalSection(SolutionConfigurationPlatforms) = preSolution
		Debug|Any CPU = Debug|Any CPU
		Release|Any CPU = Release|Any CPU
	EndGlobalSection
	GlobalSection(ProjectConfigurationPlatforms) = postSolution
		{7355EEF0-CF21-460A-B29D-17DA13CEC416}.Debug|Any CPU.ActiveCfg = Debug|Any CPU
		{7355EEF0-CF21-460A-B29D-17DA13CEC416}.Debug|Any CPU.Build.0 = Debug|Any CPU
		{7355EEF0-CF21-460A-B29D-17DA13CEC416}.Release|Any CPU.ActiveCfg = Release|Any CPU
		{7355EEF0-CF21-460A-B29D-17DA13CEC416}.Release|Any CPU.Build.0 = Release|Any CPU
	EndGlobalSection
	GlobalSection(SolutionProperties) = preSolution
		HideSolutionNode = FALSE
	EndGlobalSection
	GlobalSection(ExtensibilityGlobals) = postSolution
		SolutionGuid = {77D472F5-C9B0-4A56-A1C9-3B580CE77ECC}
	EndGlobalSection
EndGlobal
